
Microsoft Visual Studio Solution File, Format Version 12.00
# Visual Studio 2013
VisualStudioVersion = 12.0.21005.1
MinimumVisualStudioVersion = 10.0.40219.1
Project("{FAE04EC0-301F-11D3-BF4B-00C04F79EFBC}") = "UnidadeVI", "Exercicios\UnidadeVI.csproj", "{762436A8-99B2-496C-B859-DA00E07F25D9}"
EndProject
Project("{FAE04EC0-301F-11D3-BF4B-00C04F79EFBC}") = "UnidadeVII", "UnidadeVII\UnidadeVII.csproj", "{2702BD24-B6D9-4BB4-9B24-A9263A804580}"
EndProject
Project("{2150E333-8FDC-42A3-9474-1A3956D46DE8}") = "Medindo a Febre", "Medindo a Febre", "{D0473B35-79E1-4B32-91CE-4212BC4A45E7}"
EndProject
Project("{2150E333-8FDC-42A3-9474-1A3956D46DE8}") = "Unidades", "Unidades", "{7C546A0B-FEFE-4EC0-BDA8-A16FCF686367}"
EndProject
Project("{FAE04EC0-301F-11D3-BF4B-00C04F79EFBC}") = "MedindoAFebreV", "MedindoAFebreV\MedindoAFebreV.csproj", "{FBDA4A42-159B-4A76-81AB-44AC8292AE52}"
EndProject
Project("{FAE04EC0-301F-11D3-BF4B-00C04F79EFBC}") = "UnidadeVIII", "UnidadeVIII\UnidadeVIII.csproj", "{855DF3A5-FBB4-450A-9611-CF313D3DE80D}"
EndProject
Project("{FAE04EC0-301F-11D3-BF4B-00C04F79EFBC}") = "UnidadeIX", "UnidadeIX\UnidadeIX.csproj", "{CBB9A268-F5AA-4660-BDDD-9DFD015C8661}"
EndProject
Global
	GlobalSection(SolutionConfigurationPlatforms) = preSolution
		Debug|Any CPU = Debug|Any CPU
		Release|Any CPU = Release|Any CPU
	EndGlobalSection
	GlobalSection(ProjectConfigurationPlatforms) = postSolution
		{762436A8-99B2-496C-B859-DA00E07F25D9}.Debug|Any CPU.ActiveCfg = Debug|Any CPU
		{762436A8-99B2-496C-B859-DA00E07F25D9}.Debug|Any CPU.Build.0 = Debug|Any CPU
		{762436A8-99B2-496C-B859-DA00E07F25D9}.Release|Any CPU.ActiveCfg = Release|Any CPU
		{762436A8-99B2-496C-B859-DA00E07F25D9}.Release|Any CPU.Build.0 = Release|Any CPU
		{2702BD24-B6D9-4BB4-9B24-A9263A804580}.Debug|Any CPU.ActiveCfg = Debug|Any CPU
		{2702BD24-B6D9-4BB4-9B24-A9263A804580}.Debug|Any CPU.Build.0 = Debug|Any CPU
		{2702BD24-B6D9-4BB4-9B24-A9263A804580}.Release|Any CPU.ActiveCfg = Release|Any CPU
		{2702BD24-B6D9-4BB4-9B24-A9263A804580}.Release|Any CPU.Build.0 = Release|Any CPU
		{FBDA4A42-159B-4A76-81AB-44AC8292AE52}.Debug|Any CPU.ActiveCfg = Debug|Any CPU
		{FBDA4A42-159B-4A76-81AB-44AC8292AE52}.Debug|Any CPU.Build.0 = Debug|Any CPU
		{FBDA4A42-159B-4A76-81AB-44AC8292AE52}.Release|Any CPU.ActiveCfg = Release|Any CPU
		{FBDA4A42-159B-4A76-81AB-44AC8292AE52}.Release|Any CPU.Build.0 = Release|Any CPU
		{855DF3A5-FBB4-450A-9611-CF313D3DE80D}.Debug|Any CPU.ActiveCfg = Debug|Any CPU
		{855DF3A5-FBB4-450A-9611-CF313D3DE80D}.Debug|Any CPU.Build.0 = Debug|Any CPU
		{855DF3A5-FBB4-450A-9611-CF313D3DE80D}.Release|Any CPU.ActiveCfg = Release|Any CPU
		{855DF3A5-FBB4-450A-9611-CF313D3DE80D}.Release|Any CPU.Build.0 = Release|Any CPU
		{CBB9A268-F5AA-4660-BDDD-9DFD015C8661}.Debug|Any CPU.ActiveCfg = Debug|Any CPU
		{CBB9A268-F5AA-4660-BDDD-9DFD015C8661}.Debug|Any CPU.Build.0 = Debug|Any CPU
		{CBB9A268-F5AA-4660-BDDD-9DFD015C8661}.Release|Any CPU.ActiveCfg = Release|Any CPU
		{CBB9A268-F5AA-4660-BDDD-9DFD015C8661}.Release|Any CPU.Build.0 = Release|Any CPU
	EndGlobalSection
	GlobalSection(SolutionProperties) = preSolution
		HideSolutionNode = FALSE
	EndGlobalSection
	GlobalSection(NestedProjects) = preSolution
		{2702BD24-B6D9-4BB4-9B24-A9263A804580} = {7C546A0B-FEFE-4EC0-BDA8-A16FCF686367}
		{762436A8-99B2-496C-B859-DA00E07F25D9} = {7C546A0B-FEFE-4EC0-BDA8-A16FCF686367}
		{855DF3A5-FBB4-450A-9611-CF313D3DE80D} = {7C546A0B-FEFE-4EC0-BDA8-A16FCF686367}
		{CBB9A268-F5AA-4660-BDDD-9DFD015C8661} = {7C546A0B-FEFE-4EC0-BDA8-A16FCF686367}
		{FBDA4A42-159B-4A76-81AB-44AC8292AE52} = {D0473B35-79E1-4B32-91CE-4212BC4A45E7}
	EndGlobalSection
EndGlobal
